
Microsoft Visual Studio Solution File, Format Version 12.00
# Visual Studio Version 17
VisualStudioVersion = 17.5.002.0
MinimumVisualStudioVersion = 10.0.40219.1
Project("{9A19103F-16F7-4668-BE54-9A1E7A4F7556}") = "AlterArchives", "AlterArchives.csproj", "{42FA0F20-6C09-4B0F-9A82-6BBC641518F0}"
EndProject
Global
	GlobalSection(SolutionConfigurationPlatforms) = preSolution
		Debug|Any CPU = Debug|Any CPU
		Release|Any CPU = Release|Any CPU
	EndGlobalSection
	GlobalSection(ProjectConfigurationPlatforms) = postSolution
		{42FA0F20-6C09-4B0F-9A82-6BBC641518F0}.Debug|Any CPU.ActiveCfg = Debug|Any CPU
		{42FA0F20-6C09-4B0F-9A82-6BBC641518F0}.Debug|Any CPU.Build.0 = Debug|Any CPU
		{42FA0F20-6C09-4B0F-9A82-6BBC641518F0}.Release|Any CPU.ActiveCfg = Release|Any CPU
		{42FA0F20-6C09-4B0F-9A82-6BBC641518F0}.Release|Any CPU.Build.0 = Release|Any CPU
	EndGlobalSection
	GlobalSection(SolutionProperties) = preSolution
		HideSolutionNode = FALSE
	EndGlobalSection
	GlobalSection(ExtensibilityGlobals) = postSolution
		SolutionGuid = {0DF012F7-210A-4CD8-9EF2-46F7A08B1065}
	EndGlobalSection
EndGlobal
